
Microsoft Visual Studio Solution File, Format Version 12.00
# Visual Studio Version 16
VisualStudioVersion = 16.0.31025.194
MinimumVisualStudioVersion = 10.0.40219.1
Project("{9A19103F-16F7-4668-BE54-9A1E7A4F7556}") = "Testogsikkerhed-CICD", "Testogsikkerhed-CICD\Testogsikkerhed-CICD.csproj", "{159797BA-885E-433F-A3D3-451CFC9BF27F}"
EndProject
Project("{FAE04EC0-301F-11D3-BF4B-00C04F79EFBC}") = "Testogsikkerhed-CICD.Tests", "Testogsikkerhed-CICD.Tests\Testogsikkerhed-CICD.Tests.csproj", "{5D2BB6DD-FEF8-4BDD-8262-FA1BED37A891}"
EndProject
Global
	GlobalSection(SolutionConfigurationPlatforms) = preSolution
		Debug|Any CPU = Debug|Any CPU
		Release|Any CPU = Release|Any CPU
	EndGlobalSection
	GlobalSection(ProjectConfigurationPlatforms) = postSolution
		{159797BA-885E-433F-A3D3-451CFC9BF27F}.Debug|Any CPU.ActiveCfg = Debug|Any CPU
		{159797BA-885E-433F-A3D3-451CFC9BF27F}.Debug|Any CPU.Build.0 = Debug|Any CPU
		{159797BA-885E-433F-A3D3-451CFC9BF27F}.Release|Any CPU.ActiveCfg = Release|Any CPU
		{159797BA-885E-433F-A3D3-451CFC9BF27F}.Release|Any CPU.Build.0 = Release|Any CPU
		{5D2BB6DD-FEF8-4BDD-8262-FA1BED37A891}.Debug|Any CPU.ActiveCfg = Debug|Any CPU
		{5D2BB6DD-FEF8-4BDD-8262-FA1BED37A891}.Debug|Any CPU.Build.0 = Debug|Any CPU
		{5D2BB6DD-FEF8-4BDD-8262-FA1BED37A891}.Release|Any CPU.ActiveCfg = Release|Any CPU
		{5D2BB6DD-FEF8-4BDD-8262-FA1BED37A891}.Release|Any CPU.Build.0 = Release|Any CPU
	EndGlobalSection
	GlobalSection(SolutionProperties) = preSolution
		HideSolutionNode = FALSE
	EndGlobalSection
	GlobalSection(ExtensibilityGlobals) = postSolution
		SolutionGuid = {EB0D83E8-8BD9-4B92-AED7-DBF63E4C20AB}
	EndGlobalSection
EndGlobal
